
Microsoft Visual Studio Solution File, Format Version 12.00
# Visual Studio Version 16
VisualStudioVersion = 16.0.31410.357
MinimumVisualStudioVersion = 10.0.40219.1
Project("{9A19103F-16F7-4668-BE54-9A1E7A4F7556}") = "QuantumLibrary", "lib\QuantumLibrary.csproj", "{8396FB7A-BE86-4E6F-A611-D1BEF0E2479A}"
EndProject
Project("{9A19103F-16F7-4668-BE54-9A1E7A4F7556}") = "Application", "app\Application.csproj", "{B3D5D440-2F70-46CD-A037-EDAD6E38B1B9}"
EndProject
Project("{9A19103F-16F7-4668-BE54-9A1E7A4F7556}") = "UnitTests", "tests\UnitTests.csproj", "{C39A1C66-6D32-479A-AE24-019776D3604F}"
EndProject
Global
	GlobalSection(SolutionConfigurationPlatforms) = preSolution
		Debug|Any CPU = Debug|Any CPU
		Release|Any CPU = Release|Any CPU
	EndGlobalSection
	GlobalSection(ProjectConfigurationPlatforms) = postSolution
		{8396FB7A-BE86-4E6F-A611-D1BEF0E2479A}.Debug|Any CPU.ActiveCfg = Debug|Any CPU
		{8396FB7A-BE86-4E6F-A611-D1BEF0E2479A}.Debug|Any CPU.Build.0 = Debug|Any CPU
		{8396FB7A-BE86-4E6F-A611-D1BEF0E2479A}.Release|Any CPU.ActiveCfg = Release|Any CPU
		{8396FB7A-BE86-4E6F-A611-D1BEF0E2479A}.Release|Any CPU.Build.0 = Release|Any CPU
		{B3D5D440-2F70-46CD-A037-EDAD6E38B1B9}.Debug|Any CPU.ActiveCfg = Debug|Any CPU
		{B3D5D440-2F70-46CD-A037-EDAD6E38B1B9}.Debug|Any CPU.Build.0 = Debug|Any CPU
		{B3D5D440-2F70-46CD-A037-EDAD6E38B1B9}.Release|Any CPU.ActiveCfg = Release|Any CPU
		{B3D5D440-2F70-46CD-A037-EDAD6E38B1B9}.Release|Any CPU.Build.0 = Release|Any CPU
		{C39A1C66-6D32-479A-AE24-019776D3604F}.Debug|Any CPU.ActiveCfg = Debug|Any CPU
		{C39A1C66-6D32-479A-AE24-019776D3604F}.Debug|Any CPU.Build.0 = Debug|Any CPU
		{C39A1C66-6D32-479A-AE24-019776D3604F}.Release|Any CPU.ActiveCfg = Release|Any CPU
		{C39A1C66-6D32-479A-AE24-019776D3604F}.Release|Any CPU.Build.0 = Release|Any CPU
	EndGlobalSection
	GlobalSection(SolutionProperties) = preSolution
		HideSolutionNode = FALSE
	EndGlobalSection
	GlobalSection(ExtensibilityGlobals) = postSolution
		SolutionGuid = {70C8444E-A383-480D-BE52-DC535B4B9EE1}
	EndGlobalSection
EndGlobal
